
Microsoft Visual Studio Solution File, Format Version 12.00
# Visual Studio Version 17
VisualStudioVersion = 17.4.33205.214
MinimumVisualStudioVersion = 10.0.40219.1
Project("{FAE04EC0-301F-11D3-BF4B-00C04F79EFBC}") = "Film_arsıvım", "Film_arsıvım\Film_arsıvım.csproj", "{EED6E096-1FDA-4349-A9F1-F7C9421821A2}"
EndProject
Global
	GlobalSection(SolutionConfigurationPlatforms) = preSolution
		Debug|Any CPU = Debug|Any CPU
		Release|Any CPU = Release|Any CPU
	EndGlobalSection
	GlobalSection(ProjectConfigurationPlatforms) = postSolution
		{EED6E096-1FDA-4349-A9F1-F7C9421821A2}.Debug|Any CPU.ActiveCfg = Debug|Any CPU
		{EED6E096-1FDA-4349-A9F1-F7C9421821A2}.Debug|Any CPU.Build.0 = Debug|Any CPU
		{EED6E096-1FDA-4349-A9F1-F7C9421821A2}.Release|Any CPU.ActiveCfg = Release|Any CPU
		{EED6E096-1FDA-4349-A9F1-F7C9421821A2}.Release|Any CPU.Build.0 = Release|Any CPU
	EndGlobalSection
	GlobalSection(SolutionProperties) = preSolution
		HideSolutionNode = FALSE
	EndGlobalSection
	GlobalSection(ExtensibilityGlobals) = postSolution
		SolutionGuid = {09C8D1CD-7C59-415F-A733-7FA87B6E4660}
	EndGlobalSection
EndGlobal
